
Microsoft Visual Studio Solution File, Format Version 12.00
# Visual Studio Version 17
VisualStudioVersion = 17.5.33414.496
MinimumVisualStudioVersion = 10.0.40219.1
Project("{FAE04EC0-301F-11D3-BF4B-00C04F79EFBC}") = "note2", "note2.csproj", "{59D19EB5-DB67-48A0-9466-E2D9F11E936C}"
EndProject
Global
	GlobalSection(SolutionConfigurationPlatforms) = preSolution
		Debug|Any CPU = Debug|Any CPU
		Release|Any CPU = Release|Any CPU
	EndGlobalSection
	GlobalSection(ProjectConfigurationPlatforms) = postSolution
		{59D19EB5-DB67-48A0-9466-E2D9F11E936C}.Debug|Any CPU.ActiveCfg = Debug|Any CPU
		{59D19EB5-DB67-48A0-9466-E2D9F11E936C}.Debug|Any CPU.Build.0 = Debug|Any CPU
		{59D19EB5-DB67-48A0-9466-E2D9F11E936C}.Release|Any CPU.ActiveCfg = Release|Any CPU
		{59D19EB5-DB67-48A0-9466-E2D9F11E936C}.Release|Any CPU.Build.0 = Release|Any CPU
	EndGlobalSection
	GlobalSection(SolutionProperties) = preSolution
		HideSolutionNode = FALSE
	EndGlobalSection
	GlobalSection(ExtensibilityGlobals) = postSolution
		SolutionGuid = {82DDB6CB-E5DB-4AFC-A35F-D0B0DA77222A}
	EndGlobalSection
EndGlobal
